// !$*UTF8*$!
{
	archiveVersion = 1;
	classes = {
	};
	objectVersion = 50;
	objects = {

/* Begin PBXBuildFile section */
		1305D7F9CDE4EAFBD1206993 /* Pods_SportsPrediction.framework in Frameworks */ = {isa = PBXBuildFile; fileRef = CABB2D61C3F33E57E62EE739 /* Pods_SportsPrediction.framework */; };
		70475ADB223F20F700EC3846 /* ProfileGraphViewController.swift in Sources */ = {isa = PBXBuildFile; fileRef = 70475ADA223F20F700EC3846 /* ProfileGraphViewController.swift */; };
		9D99D056223B210600D8F5D3 /* GoogleService-Info.plist in Resources */ = {isa = PBXBuildFile; fileRef = 9D99D055223B210600D8F5D3 /* GoogleService-Info.plist */; };
		9DA3D589223F15EF00F57685 /* SignUpViewController.swift in Sources */ = {isa = PBXBuildFile; fileRef = 9DA3D588223F15EF00F57685 /* SignUpViewController.swift */; };
		9DD3C0D6223F436900EF77F8 /* EventViewController.swift in Sources */ = {isa = PBXBuildFile; fileRef = 9DD3C0D5223F436900EF77F8 /* EventViewController.swift */; };
		9DE4549E2240609200124877 /* ProfileViewController.swift in Sources */ = {isa = PBXBuildFile; fileRef = 9DE4549D2240609200124877 /* ProfileViewController.swift */; };
		9DE454A02240615200124877 /* LeaderboardViewController.swift in Sources */ = {isa = PBXBuildFile; fileRef = 9DE4549F2240615200124877 /* LeaderboardViewController.swift */; };
		9DE454A2224061B500124877 /* InProgressViewController.swift in Sources */ = {isa = PBXBuildFile; fileRef = 9DE454A1224061B500124877 /* InProgressViewController.swift */; };
		9F1FBC48222F720500397180 /* AppDelegate.swift in Sources */ = {isa = PBXBuildFile; fileRef = 9F1FBC47222F720500397180 /* AppDelegate.swift */; };
		9F1FBC4A222F720500397180 /* ViewController.swift in Sources */ = {isa = PBXBuildFile; fileRef = 9F1FBC49222F720500397180 /* ViewController.swift */; };
		9F1FBC4D222F720500397180 /* Main.storyboard in Resources */ = {isa = PBXBuildFile; fileRef = 9F1FBC4B222F720500397180 /* Main.storyboard */; };
		9F1FBC4F222F720600397180 /* Assets.xcassets in Resources */ = {isa = PBXBuildFile; fileRef = 9F1FBC4E222F720600397180 /* Assets.xcassets */; };
		9F1FBC52222F720600397180 /* LaunchScreen.storyboard in Resources */ = {isa = PBXBuildFile; fileRef = 9F1FBC50222F720600397180 /* LaunchScreen.storyboard */; };
/* End PBXBuildFile section */

/* Begin PBXFileReference section */
		70475ADA223F20F700EC3846 /* ProfileGraphViewController.swift */ = {isa = PBXFileReference; lastKnownFileType = sourcecode.swift; path = ProfileGraphViewController.swift; sourceTree = "<group>"; };
		9D99D055223B210600D8F5D3 /* GoogleService-Info.plist */ = {isa = PBXFileReference; fileEncoding = 4; lastKnownFileType = text.plist.xml; path = "GoogleService-Info.plist"; sourceTree = "<group>"; };
		9DA3D588223F15EF00F57685 /* SignUpViewController.swift */ = {isa = PBXFileReference; lastKnownFileType = sourcecode.swift; path = SignUpViewController.swift; sourceTree = "<group>"; };
		9DD3C0D5223F436900EF77F8 /* EventViewController.swift */ = {isa = PBXFileReference; lastKnownFileType = sourcecode.swift; path = EventViewController.swift; sourceTree = "<group>"; };
		9DE4549D2240609200124877 /* ProfileViewController.swift */ = {isa = PBXFileReference; lastKnownFileType = sourcecode.swift; path = ProfileViewController.swift; sourceTree = "<group>"; };
		9DE4549F2240615200124877 /* LeaderboardViewController.swift */ = {isa = PBXFileReference; lastKnownFileType = sourcecode.swift; path = LeaderboardViewController.swift; sourceTree = "<group>"; };
		9DE454A1224061B500124877 /* InProgressViewController.swift */ = {isa = PBXFileReference; lastKnownFileType = sourcecode.swift; path = InProgressViewController.swift; sourceTree = "<group>"; };
		9F1FBC44222F720500397180 /* SportsPrediction.app */ = {isa = PBXFileReference; explicitFileType = wrapper.application; includeInIndex = 0; path = SportsPrediction.app; sourceTree = BUILT_PRODUCTS_DIR; };
		9F1FBC47222F720500397180 /* AppDelegate.swift */ = {isa = PBXFileReference; lastKnownFileType = sourcecode.swift; path = AppDelegate.swift; sourceTree = "<group>"; };
		9F1FBC49222F720500397180 /* ViewController.swift */ = {isa = PBXFileReference; lastKnownFileType = sourcecode.swift; path = ViewController.swift; sourceTree = "<group>"; };
		9F1FBC4C222F720500397180 /* Base */ = {isa = PBXFileReference; lastKnownFileType = file.storyboard; name = Base; path = Base.lproj/Main.storyboard; sourceTree = "<group>"; };
		9F1FBC4E222F720600397180 /* Assets.xcassets */ = {isa = PBXFileReference; lastKnownFileType = folder.assetcatalog; path = Assets.xcassets; sourceTree = "<group>"; };
		9F1FBC51222F720600397180 /* Base */ = {isa = PBXFileReference; lastKnownFileType = file.storyboard; name = Base; path = Base.lproj/LaunchScreen.storyboard; sourceTree = "<group>"; };
		9F1FBC53222F720600397180 /* Info.plist */ = {isa = PBXFileReference; lastKnownFileType = text.plist.xml; path = Info.plist; sourceTree = "<group>"; };
		AD9BCDA6ECC70BC903233BB5 /* Pods-SportsPrediction.release.xcconfig */ = {isa = PBXFileReference; includeInIndex = 1; lastKnownFileType = text.xcconfig; name = "Pods-SportsPrediction.release.xcconfig"; path = "Target Support Files/Pods-SportsPrediction/Pods-SportsPrediction.release.xcconfig"; sourceTree = "<group>"; };
		C4C64390557A876064F237F4 /* Pods-SportsPrediction.debug.xcconfig */ = {isa = PBXFileReference; includeInIndex = 1; lastKnownFileType = text.xcconfig; name = "Pods-SportsPrediction.debug.xcconfig"; path = "Target Support Files/Pods-SportsPrediction/Pods-SportsPrediction.debug.xcconfig"; sourceTree = "<group>"; };
		CABB2D61C3F33E57E62EE739 /* Pods_SportsPrediction.framework */ = {isa = PBXFileReference; explicitFileType = wrapper.framework; includeInIndex = 0; path = Pods_SportsPrediction.framework; sourceTree = BUILT_PRODUCTS_DIR; };
/* End PBXFileReference section */

/* Begin PBXFrameworksBuildPhase section */
		9F1FBC41222F720500397180 /* Frameworks */ = {
			isa = PBXFrameworksBuildPhase;
			buildActionMask = 2147483647;
			files = (
				1305D7F9CDE4EAFBD1206993 /* Pods_SportsPrediction.framework in Frameworks */,
			);
			runOnlyForDeploymentPostprocessing = 0;
		};
/* End PBXFrameworksBuildPhase section */

/* Begin PBXGroup section */
		872A8A64E79405A042A004FE /* Frameworks */ = {
			isa = PBXGroup;
			children = (
				CABB2D61C3F33E57E62EE739 /* Pods_SportsPrediction.framework */,
			);
			name = Frameworks;
			sourceTree = "<group>";
		};
		9F1FBC3B222F720500397180 = {
			isa = PBXGroup;
			children = (
				9F1FBC46222F720500397180 /* SportsPrediction */,
				B21A69980BAEFE9A474609B7 /* Pods */,
				872A8A64E79405A042A004FE /* Frameworks */,
			);
			sourceTree = "<group>";
		};
		9F1FBC45222F720500397180 /* Products */ = {
			isa = PBXGroup;
			children = (
				9F1FBC44222F720500397180 /* SportsPrediction.app */,
			);
			name = Products;
			path = ..;
			sourceTree = "<group>";
		};
		9F1FBC46222F720500397180 /* SportsPrediction */ = {
			isa = PBXGroup;
			children = (
				9F1FBC47222F720500397180 /* AppDelegate.swift */,
				9F1FBC49222F720500397180 /* ViewController.swift */,
				9DA3D588223F15EF00F57685 /* SignUpViewController.swift */,
				9DD3C0D5223F436900EF77F8 /* EventViewController.swift */,
				9DE454A1224061B500124877 /* InProgressViewController.swift */,
				9DE4549F2240615200124877 /* LeaderboardViewController.swift */,
				9DE4549D2240609200124877 /* ProfileViewController.swift */,
				70475ADA223F20F700EC3846 /* ProfileGraphViewController.swift */,
				9F1FBC4B222F720500397180 /* Main.storyboard */,
				9F1FBC4E222F720600397180 /* Assets.xcassets */,
				9F1FBC50222F720600397180 /* LaunchScreen.storyboard */,
				9F1FBC53222F720600397180 /* Info.plist */,
				9D99D055223B210600D8F5D3 /* GoogleService-Info.plist */,
				9F1FBC45222F720500397180 /* Products */,
			);
			path = SportsPrediction;
			sourceTree = "<group>";
		};
		B21A69980BAEFE9A474609B7 /* Pods */ = {
			isa = PBXGroup;
			children = (
				C4C64390557A876064F237F4 /* Pods-SportsPrediction.debug.xcconfig */,
				AD9BCDA6ECC70BC903233BB5 /* Pods-SportsPrediction.release.xcconfig */,
			);
			path = Pods;
			sourceTree = "<group>";
		};
/* End PBXGroup section */

/* Begin PBXNativeTarget section */
		9F1FBC43222F720500397180 /* SportsPrediction */ = {
			isa = PBXNativeTarget;
			buildConfigurationList = 9F1FBC56222F720600397180 /* Build configuration list for PBXNativeTarget "SportsPrediction" */;
			buildPhases = (
				0CB9173E81C9AED1715F66A3 /* [CP] Check Pods Manifest.lock */,
				9F1FBC40222F720500397180 /* Sources */,
				9F1FBC41222F720500397180 /* Frameworks */,
				9F1FBC42222F720500397180 /* Resources */,
				B48B201D36376D9A5050950F /* [CP] Embed Pods Frameworks */,
			);
			buildRules = (
			);
			dependencies = (
			);
			name = SportsPrediction;
			productName = SportsPrediction;
			productReference = 9F1FBC44222F720500397180 /* SportsPrediction.app */;
			productType = "com.apple.product-type.application";
		};
/* End PBXNativeTarget section */

/* Begin PBXProject section */
		9F1FBC3C222F720500397180 /* Project object */ = {
			isa = PBXProject;
			attributes = {
				LastSwiftUpdateCheck = 1010;
				LastUpgradeCheck = 1010;
				ORGANIZATIONNAME = "INFO 449 CHANGJE";
				TargetAttributes = {
					9F1FBC43222F720500397180 = {
						CreatedOnToolsVersion = 10.1;
					};
				};
			};
			buildConfigurationList = 9F1FBC3F222F720500397180 /* Build configuration list for PBXProject "SportsPrediction" */;
			compatibilityVersion = "Xcode 9.3";
			developmentRegion = en;
			hasScannedForEncodings = 0;
			knownRegions = (
				en,
				Base,
			);
			mainGroup = 9F1FBC3B222F720500397180;
			productRefGroup = 9F1FBC45222F720500397180 /* Products */;
			projectDirPath = "";
			projectRoot = "";
			targets = (
				9F1FBC43222F720500397180 /* SportsPrediction */,
			);
		};
/* End PBXProject section */

/* Begin PBXResourcesBuildPhase section */
		9F1FBC42222F720500397180 /* Resources */ = {
			isa = PBXResourcesBuildPhase;
			buildActionMask = 2147483647;
			files = (
				9F1FBC52222F720600397180 /* LaunchScreen.storyboard in Resources */,
				9D99D056223B210600D8F5D3 /* GoogleService-Info.plist in Resources */,
				9F1FBC4F222F720600397180 /* Assets.xcassets in Resources */,
				9F1FBC4D222F720500397180 /* Main.storyboard in Resources */,
			);
			runOnlyForDeploymentPostprocessing = 0;
		};
/* End PBXResourcesBuildPhase section */

/* Begin PBXShellScriptBuildPhase section */
		0CB9173E81C9AED1715F66A3 /* [CP] Check Pods Manifest.lock */ = {
			isa = PBXShellScriptBuildPhase;
			buildActionMask = 2147483647;
			files = (
			);
			inputFileListPaths = (
			);
			inputPaths = (
				"${PODS_PODFILE_DIR_PATH}/Podfile.lock",
				"${PODS_ROOT}/Manifest.lock",
			);
			name = "[CP] Check Pods Manifest.lock";
			outputFileListPaths = (
			);
			outputPaths = (
				"$(DERIVED_FILE_DIR)/Pods-SportsPrediction-checkManifestLockResult.txt",
			);
			runOnlyForDeploymentPostprocessing = 0;
			shellPath = /bin/sh;
			shellScript = "diff \"${PODS_PODFILE_DIR_PATH}/Podfile.lock\" \"${PODS_ROOT}/Manifest.lock\" > /dev/null\nif [ $? != 0 ] ; then\n    # print error to STDERR\n    echo \"error: The sandbox is not in sync with the Podfile.lock. Run 'pod install' or update your CocoaPods installation.\" >&2\n    exit 1\nfi\n# This output is used by Xcode 'outputs' to avoid re-running this script phase.\necho \"SUCCESS\" > \"${SCRIPT_OUTPUT_FILE_0}\"\n";
			showEnvVarsInLog = 0;
		};
		B48B201D36376D9A5050950F /* [CP] Embed Pods Frameworks */ = {
			isa = PBXShellScriptBuildPhase;
			buildActionMask = 2147483647;
			files = (
			);
			inputFileListPaths = (
			);
			inputPaths = (
				"${PODS_ROOT}/Target Support Files/Pods-SportsPrediction/Pods-SportsPrediction-frameworks.sh",
				"${BUILT_PRODUCTS_DIR}/Charts/Charts.framework",
				"${BUILT_PRODUCTS_DIR}/GTMSessionFetcher/GTMSessionFetcher.framework",
				"${BUILT_PRODUCTS_DIR}/GoogleUtilities/GoogleUtilities.framework",
				"${BUILT_PRODUCTS_DIR}/leveldb-library/leveldb.framework",
				"${BUILT_PRODUCTS_DIR}/nanopb/nanopb.framework",
			);
			name = "[CP] Embed Pods Frameworks";
			outputFileListPaths = (
			);
			outputPaths = (
				"${TARGET_BUILD_DIR}/${FRAMEWORKS_FOLDER_PATH}/Charts.framework",
				"${TARGET_BUILD_DIR}/${FRAMEWORKS_FOLDER_PATH}/GTMSessionFetcher.framework",
				"${TARGET_BUILD_DIR}/${FRAMEWORKS_FOLDER_PATH}/GoogleUtilities.framework",
				"${TARGET_BUILD_DIR}/${FRAMEWORKS_FOLDER_PATH}/leveldb.framework",
				"${TARGET_BUILD_DIR}/${FRAMEWORKS_FOLDER_PATH}/nanopb.framework",
			);
			runOnlyForDeploymentPostprocessing = 0;
			shellPath = /bin/sh;
			shellScript = "\"${PODS_ROOT}/Target Support Files/Pods-SportsPrediction/Pods-SportsPrediction-frameworks.sh\"\n";
			showEnvVarsInLog = 0;
		};
/* End PBXShellScriptBuildPhase section */

/* Begin PBXSourcesBuildPhase section */
		9F1FBC40222F720500397180 /* Sources */ = {
			isa = PBXSourcesBuildPhase;
			buildActionMask = 2147483647;
			files = (
				9DE454A02240615200124877 /* LeaderboardViewController.swift in Sources */,
				9DE4549E2240609200124877 /* ProfileViewController.swift in Sources */,
				9DD3C0D6223F436900EF77F8 /* EventViewController.swift in Sources */,
				9DA3D589223F15EF00F57685 /* SignUpViewController.swift in Sources */,
				9DE454A2224061B500124877 /* InProgressViewController.swift in Sources */,
				9F1FBC4A222F720500397180 /* ViewController.swift in Sources */,
				70475ADB223F20F700EC3846 /* ProfileGraphViewController.swift in Sources */,
				9F1FBC48222F720500397180 /* AppDelegate.swift in Sources */,
			);
			runOnlyForDeploymentPostprocessing = 0;
		};
/* End PBXSourcesBuildPhase section */

/* Begin PBXVariantGroup section */
		9F1FBC4B222F720500397180 /* Main.storyboard */ = {
			isa = PBXVariantGroup;
			children = (
				9F1FBC4C222F720500397180 /* Base */,
			);
			name = Main.storyboard;
			sourceTree = "<group>";
		};
		9F1FBC50222F720600397180 /* LaunchScreen.storyboard */ = {
			isa = PBXVariantGroup;
			children = (
				9F1FBC51222F720600397180 /* Base */,
			);
			name = LaunchScreen.storyboard;
			sourceTree = "<group>";
		};
/* End PBXVariantGroup section */

/* Begin XCBuildConfiguration section */
		9F1FBC54222F720600397180 /* Debug */ = {
			isa = XCBuildConfiguration;
			buildSettings = {
				ALWAYS_SEARCH_USER_PATHS = NO;
				CLANG_ANALYZER_NONNULL = YES;
				CLANG_ANALYZER_NUMBER_OBJECT_CONVERSION = YES_AGGRESSIVE;
				CLANG_CXX_LANGUAGE_STANDARD = "gnu++14";
				CLANG_CXX_LIBRARY = "libc++";
				CLANG_ENABLE_MODULES = YES;
				CLANG_ENABLE_OBJC_ARC = YES;
				CLANG_ENABLE_OBJC_WEAK = YES;
				CLANG_WARN_BLOCK_CAPTURE_AUTORELEASING = YES;
				CLANG_WARN_BOOL_CONVERSION = YES;
				CLANG_WARN_COMMA = YES;
				CLANG_WARN_CONSTANT_CONVERSION = YES;
				CLANG_WARN_DEPRECATED_OBJC_IMPLEMENTATIONS = YES;
				CLANG_WARN_DIRECT_OBJC_ISA_USAGE = YES_ERROR;
				CLANG_WARN_DOCUMENTATION_COMMENTS = YES;
				CLANG_WARN_EMPTY_BODY = YES;
				CLANG_WARN_ENUM_CONVERSION = YES;
				CLANG_WARN_INFINITE_RECURSION = YES;
				CLANG_WARN_INT_CONVERSION = YES;
				CLANG_WARN_NON_LITERAL_NULL_CONVERSION = YES;
				CLANG_WARN_OBJC_IMPLICIT_RETAIN_SELF = YES;
				CLANG_WARN_OBJC_LITERAL_CONVERSION = YES;
				CLANG_WARN_OBJC_ROOT_CLASS = YES_ERROR;
				CLANG_WARN_RANGE_LOOP_ANALYSIS = YES;
				CLANG_WARN_STRICT_PROTOTYPES = YES;
				CLANG_WARN_SUSPICIOUS_MOVE = YES;
				CLANG_WARN_UNGUARDED_AVAILABILITY = YES_AGGRESSIVE;
				CLANG_WARN_UNREACHABLE_CODE = YES;
				CLANG_WARN__DUPLICATE_METHOD_MATCH = YES;
				CODE_SIGN_IDENTITY = "iPhone Developer";
				COPY_PHASE_STRIP = NO;
				DEBUG_INFORMATION_FORMAT = dwarf;
				ENABLE_STRICT_OBJC_MSGSEND = YES;
				ENABLE_TESTABILITY = YES;
				GCC_C_LANGUAGE_STANDARD = gnu11;
				GCC_DYNAMIC_NO_PIC = NO;
				GCC_NO_COMMON_BLOCKS = YES;
				GCC_OPTIMIZATION_LEVEL = 0;
				GCC_PREPROCESSOR_DEFINITIONS = (
					"DEBUG=1",
					"$(inherited)",
				);
				GCC_WARN_64_TO_32_BIT_CONVERSION = YES;
				GCC_WARN_ABOUT_RETURN_TYPE = YES_ERROR;
				GCC_WARN_UNDECLARED_SELECTOR = YES;
				GCC_WARN_UNINITIALIZED_AUTOS = YES_AGGRESSIVE;
				GCC_WARN_UNUSED_FUNCTION = YES;
				GCC_WARN_UNUSED_VARIABLE = YES;
				IPHONEOS_DEPLOYMENT_TARGET = 12.1;
				MTL_ENABLE_DEBUG_INFO = INCLUDE_SOURCE;
				MTL_FAST_MATH = YES;
				ONLY_ACTIVE_ARCH = YES;
				SDKROOT = iphoneos;
				SWIFT_ACTIVE_COMPILATION_CONDITIONS = DEBUG;
				SWIFT_OPTIMIZATION_LEVEL = "-Onone";
			};
			name = Debug;
		};
		9F1FBC55222F720600397180 /* Release */ = {
			isa = XCBuildConfiguration;
			buildSettings = {
				ALWAYS_SEARCH_USER_PATHS = NO;
				CLANG_ANALYZER_NONNULL = YES;
				CLANG_ANALYZER_NUMBER_OBJECT_CONVERSION = YES_AGGRESSIVE;
				CLANG_CXX_LANGUAGE_STANDARD = "gnu++14";
				CLANG_CXX_LIBRARY = "libc++";
				CLANG_ENABLE_MODULES = YES;
				CLANG_ENABLE_OBJC_ARC = YES;
				CLANG_ENABLE_OBJC_WEAK = YES;
				CLANG_WARN_BLOCK_CAPTURE_AUTORELEASING = YES;
				CLANG_WARN_BOOL_CONVERSION = YES;
				CLANG_WARN_COMMA = YES;
				CLANG_WARN_CONSTANT_CONVERSION = YES;
				CLANG_WARN_DEPRECATED_OBJC_IMPLEMENTATIONS = YES;
				CLANG_WARN_DIRECT_OBJC_ISA_USAGE = YES_ERROR;
				CLANG_WARN_DOCUMENTATION_COMMENTS = YES;
				CLANG_WARN_EMPTY_BODY = YES;
				CLANG_WARN_ENUM_CONVERSION = YES;
				CLANG_WARN_INFINITE_RECURSION = YES;
				CLANG_WARN_INT_CONVERSION = YES;
				CLANG_WARN_NON_LITERAL_NULL_CONVERSION = YES;
				CLANG_WARN_OBJC_IMPLICIT_RETAIN_SELF = YES;
				CLANG_WARN_OBJC_LITERAL_CONVERSION = YES;
				CLANG_WARN_OBJC_ROOT_CLASS = YES_ERROR;
				CLANG_WARN_RANGE_LOOP_ANALYSIS = YES;
				CLANG_WARN_STRICT_PROTOTYPES = YES;
				CLANG_WARN_SUSPICIOUS_MOVE = YES;
				CLANG_WARN_UNGUARDED_AVAILABILITY = YES_AGGRESSIVE;
				CLANG_WARN_UNREACHABLE_CODE = YES;
				CLANG_WARN__DUPLICATE_METHOD_MATCH = YES;
				CODE_SIGN_IDENTITY = "iPhone Developer";
				COPY_PHASE_STRIP = NO;
				DEBUG_INFORMATION_FORMAT = "dwarf-with-dsym";
				ENABLE_NS_ASSERTIONS = NO;
				ENABLE_STRICT_OBJC_MSGSEND = YES;
				GCC_C_LANGUAGE_STANDARD = gnu11;
				GCC_NO_COMMON_BLOCKS = YES;
				GCC_WARN_64_TO_32_BIT_CONVERSION = YES;
				GCC_WARN_ABOUT_RETURN_TYPE = YES_ERROR;
				GCC_WARN_UNDECLARED_SELECTOR = YES;
				GCC_WARN_UNINITIALIZED_AUTOS = YES_AGGRESSIVE;
				GCC_WARN_UNUSED_FUNCTION = YES;
				GCC_WARN_UNUSED_VARIABLE = YES;
				IPHONEOS_DEPLOYMENT_TARGET = 12.1;
				MTL_ENABLE_DEBUG_INFO = NO;
				MTL_FAST_MATH = YES;
				SDKROOT = iphoneos;
				SWIFT_COMPILATION_MODE = wholemodule;
				SWIFT_OPTIMIZATION_LEVEL = "-O";
				VALIDATE_PRODUCT = YES;
			};
			name = Release;
		};
		9F1FBC57222F720600397180 /* Debug */ = {
			isa = XCBuildConfiguration;
			baseConfigurationReference = C4C64390557A876064F237F4 /* Pods-SportsPrediction.debug.xcconfig */;
			buildSettings = {
				ASSETCATALOG_COMPILER_APPICON_NAME = AppIcon;
				CODE_SIGN_STYLE = Automatic;
				INFOPLIST_FILE = SportsPrediction/Info.plist;
				LD_RUNPATH_SEARCH_PATHS = (
					"$(inherited)",
					"@executable_path/Frameworks",
				);
				PRODUCT_BUNDLE_IDENTIFIER = CHANJE.SportsPrediction;
				PRODUCT_NAME = "$(TARGET_NAME)";
				SWIFT_VERSION = 4.2;
				TARGETED_DEVICE_FAMILY = "1,2";
			};
			name = Debug;
		};
		9F1FBC58222F720600397180 /* Release */ = {
			isa = XCBuildConfiguration;
			baseConfigurationReference = AD9BCDA6ECC70BC903233BB5 /* Pods-SportsPrediction.release.xcconfig */;
			buildSettings = {
				ASSETCATALOG_COMPILER_APPICON_NAME = AppIcon;
				CODE_SIGN_STYLE = Automatic;
				INFOPLIST_FILE = SportsPrediction/Info.plist;
				LD_RUNPATH_SEARCH_PATHS = (
					"$(inherited)",
					"@executable_path/Frameworks",
				);
				PRODUCT_BUNDLE_IDENTIFIER = CHANJE.SportsPrediction;
				PRODUCT_NAME = "$(TARGET_NAME)";
				SWIFT_VERSION = 4.2;
				TARGETED_DEVICE_FAMILY = "1,2";
			};
			name = Release;
		};
/* End XCBuildConfiguration section */

/* Begin XCConfigurationList section */
		9F1FBC3F222F720500397180 /* Build configuration list for PBXProject "SportsPrediction" */ = {
			isa = XCConfigurationList;
			buildConfigurations = (
				9F1FBC54222F720600397180 /* Debug */,
				9F1FBC55222F720600397180 /* Release */,
			);
			defaultConfigurationIsVisible = 0;
			defaultConfigurationName = Release;
		};
		9F1FBC56222F720600397180 /* Build configuration list for PBXNativeTarget "SportsPrediction" */ = {
			isa = XCConfigurationList;
			buildConfigurations = (
				9F1FBC57222F720600397180 /* Debug */,
				9F1FBC58222F720600397180 /* Release */,
			);
			defaultConfigurationIsVisible = 0;
			defaultConfigurationName = Release;
		};
/* End XCConfigurationList section */
	};
	rootObject = 9F1FBC3C222F720500397180 /* Project object */;
}
